PODS:
  - DropDown (2.3.13)
  - WARDoorView (2.1.0)

DEPENDENCIES:
  - DropDown
  - WARDoorView

SPEC REPOS:
  trunk:
    - DropDown
    - WARDoorView

SPEC CHECKSUMS:
  DropDown: 8a2116376c1981888557f72ec2ffc9a5e0e456ec
  WARDoorView: a65aa9d15dd313f3a0f516d94fe9b0aa8901cb34

PODFILE CHECKSUM: 784866672590dfe6f727e00c51c9dc8c61448a73

COCOAPODS: 1.11.3
