// !$*UTF8*$!
{
	archiveVersion = 1;
	classes = {
	};
	objectVersion = 52;
	objects = {

/* Begin PBXBuildFile section */
		801753F62880A9E300414078 /* AddProductViewController.swift in Sources */ = {isa = PBXBuildFile; fileRef = 801753F52880A9E300414078 /* AddProductViewController.swift */; };
		805BD19D287B44CA00209326 /* AppDelegate.swift in Sources */ = {isa = PBXBuildFile; fileRef = 805BD19C287B44CA00209326 /* AppDelegate.swift */; };
		805BD19F287B44CA00209326 /* SceneDelegate.swift in Sources */ = {isa = PBXBuildFile; fileRef = 805BD19E287B44CA00209326 /* SceneDelegate.swift */; };
		805BD1A1287B44CA00209326 /* RootTabBarController.swift in Sources */ = {isa = PBXBuildFile; fileRef = 805BD1A0287B44CA00209326 /* RootTabBarController.swift */; };
		805BD1A4287B44CA00209326 /* Main.storyboard in Resources */ = {isa = PBXBuildFile; fileRef = 805BD1A2287B44CA00209326 /* Main.storyboard */; };
		805BD1A6287B44CB00209326 /* Assets.xcassets in Resources */ = {isa = PBXBuildFile; fileRef = 805BD1A5287B44CB00209326 /* Assets.xcassets */; };
		805BD1A9287B44CB00209326 /* LaunchScreen.storyboard in Resources */ = {isa = PBXBuildFile; fileRef = 805BD1A7287B44CB00209326 /* LaunchScreen.storyboard */; };
		805BD1B5287B458800209326 /* ProductListViewController.swift in Sources */ = {isa = PBXBuildFile; fileRef = 805BD1B4287B458800209326 /* ProductListViewController.swift */; };
		805BD1B8287B45AA00209326 /* Product.swift in Sources */ = {isa = PBXBuildFile; fileRef = 805BD1B7287B45AA00209326 /* Product.swift */; };
		805BD1D5287DF10F00209326 /* ProductList.storyboard in Resources */ = {isa = PBXBuildFile; fileRef = 805BD1D3287DF10F00209326 /* ProductList.storyboard */; };
		805BD1DA2880980500209326 /* BarcodeScannerViewController.swift in Sources */ = {isa = PBXBuildFile; fileRef = 805BD1D92880980500209326 /* BarcodeScannerViewController.swift */; };
		80B25E8D288B1893003C01D3 /* FetchProductViewController.swift in Sources */ = {isa = PBXBuildFile; fileRef = 80B25E8C288B1893003C01D3 /* FetchProductViewController.swift */; };
		80B25E9E288B1E7C003C01D3 /* ProductList.swift in Sources */ = {isa = PBXBuildFile; fileRef = 80B25E9D288B1E7C003C01D3 /* ProductList.swift */; };
		9897326B2884528100650C2E /* Constants.swift in Sources */ = {isa = PBXBuildFile; fileRef = 9897326A2884528100650C2E /* Constants.swift */; };
		9897326F28845BE300650C2E /* GroceryItem.swift in Sources */ = {isa = PBXBuildFile; fileRef = 9897326E28845BE300650C2E /* GroceryItem.swift */; };
		9897327228845E1800650C2E /* ApiService.swift in Sources */ = {isa = PBXBuildFile; fileRef = 9897327128845E1800650C2E /* ApiService.swift */; };
		9897327A28847F8400650C2E /* DatabaseService.swift in Sources */ = {isa = PBXBuildFile; fileRef = 9897327928847F8400650C2E /* DatabaseService.swift */; };
		98CC2F98288AF1F800371E26 /* NotificationItem.swift in Sources */ = {isa = PBXBuildFile; fileRef = 98CC2F97288AF1F800371E26 /* NotificationItem.swift */; };
		98DB29662884994D00E629F6 /* SQLite in Frameworks */ = {isa = PBXBuildFile; productRef = 98DB29652884994D00E629F6 /* SQLite */; };
		98DB29692884B60800E629F6 /* Converter.swift in Sources */ = {isa = PBXBuildFile; fileRef = 98DB29682884B60800E629F6 /* Converter.swift */; };
		98DB296D2884BE0400E629F6 /* ShoppingItem.swift in Sources */ = {isa = PBXBuildFile; fileRef = 98DB296C2884BE0400E629F6 /* ShoppingItem.swift */; };
/* End PBXBuildFile section */

/* Begin PBXFileReference section */
		801753F52880A9E300414078 /* AddProductViewController.swift */ = {isa = PBXFileReference; lastKnownFileType = sourcecode.swift; path = AddProductViewController.swift; sourceTree = "<group>"; };
		805BD199287B44CA00209326 /* FridgeApp.app */ = {isa = PBXFileReference; explicitFileType = wrapper.application; includeInIndex = 0; path = FridgeApp.app; sourceTree = BUILT_PRODUCTS_DIR; };
		805BD19C287B44CA00209326 /* AppDelegate.swift */ = {isa = PBXFileReference; lastKnownFileType = sourcecode.swift; path = AppDelegate.swift; sourceTree = "<group>"; };
		805BD19E287B44CA00209326 /* SceneDelegate.swift */ = {isa = PBXFileReference; lastKnownFileType = sourcecode.swift; path = SceneDelegate.swift; sourceTree = "<group>"; };
		805BD1A0287B44CA00209326 /* RootTabBarController.swift */ = {isa = PBXFileReference; lastKnownFileType = sourcecode.swift; path = RootTabBarController.swift; sourceTree = "<group>"; };
		805BD1A3287B44CA00209326 /* Base */ = {isa = PBXFileReference; lastKnownFileType = file.storyboard; name = Base; path = Base.lproj/Main.storyboard; sourceTree = "<group>"; };
		805BD1A5287B44CB00209326 /* Assets.xcassets */ = {isa = PBXFileReference; lastKnownFileType = folder.assetcatalog; path = Assets.xcassets; sourceTree = "<group>"; };
		805BD1A8287B44CB00209326 /* Base */ = {isa = PBXFileReference; lastKnownFileType = file.storyboard; name = Base; path = Base.lproj/LaunchScreen.storyboard; sourceTree = "<group>"; };
		805BD1AA287B44CB00209326 /* Info.plist */ = {isa = PBXFileReference; lastKnownFileType = text.plist.xml; path = Info.plist; sourceTree = "<group>"; };
		805BD1B4287B458800209326 /* ProductListViewController.swift */ = {isa = PBXFileReference; lastKnownFileType = sourcecode.swift; path = ProductListViewController.swift; sourceTree = "<group>"; };
		805BD1B7287B45AA00209326 /* Product.swift */ = {isa = PBXFileReference; lastKnownFileType = sourcecode.swift; path = Product.swift; sourceTree = "<group>"; };
		805BD1D4287DF10F00209326 /* Base */ = {isa = PBXFileReference; lastKnownFileType = file.storyboard; name = Base; path = Base.lproj/ProductList.storyboard; sourceTree = "<group>"; };
		805BD1D92880980500209326 /* BarcodeScannerViewController.swift */ = {isa = PBXFileReference; lastKnownFileType = sourcecode.swift; path = BarcodeScannerViewController.swift; sourceTree = "<group>"; };
		80B25E8C288B1893003C01D3 /* FetchProductViewController.swift */ = {isa = PBXFileReference; lastKnownFileType = sourcecode.swift; path = FetchProductViewController.swift; sourceTree = "<group>"; };
		80B25E9D288B1E7C003C01D3 /* ProductList.swift */ = {isa = PBXFileReference; fileEncoding = 4; lastKnownFileType = sourcecode.swift; path = ProductList.swift; sourceTree = "<group>"; };
		9897326A2884528100650C2E /* Constants.swift */ = {isa = PBXFileReference; lastKnownFileType = sourcecode.swift; path = Constants.swift; sourceTree = "<group>"; };
		9897326E28845BE300650C2E /* GroceryItem.swift */ = {isa = PBXFileReference; lastKnownFileType = sourcecode.swift; path = GroceryItem.swift; sourceTree = "<group>"; };
		9897327128845E1800650C2E /* ApiService.swift */ = {isa = PBXFileReference; lastKnownFileType = sourcecode.swift; path = ApiService.swift; sourceTree = "<group>"; };
		9897327928847F8400650C2E /* DatabaseService.swift */ = {isa = PBXFileReference; lastKnownFileType = sourcecode.swift; path = DatabaseService.swift; sourceTree = "<group>"; };
		98CC2F97288AF1F800371E26 /* NotificationItem.swift */ = {isa = PBXFileReference; lastKnownFileType = sourcecode.swift; path = NotificationItem.swift; sourceTree = "<group>"; };
		98DB29682884B60800E629F6 /* Converter.swift */ = {isa = PBXFileReference; lastKnownFileType = sourcecode.swift; path = Converter.swift; sourceTree = "<group>"; };
		98DB296C2884BE0400E629F6 /* ShoppingItem.swift */ = {isa = PBXFileReference; lastKnownFileType = sourcecode.swift; path = ShoppingItem.swift; sourceTree = "<group>"; };
/* End PBXFileReference section */

/* Begin PBXFrameworksBuildPhase section */
		805BD196287B44CA00209326 /* Frameworks */ = {
			isa = PBXFrameworksBuildPhase;
			buildActionMask = 2147483647;
			files = (
				98DB29662884994D00E629F6 /* SQLite in Frameworks */,
			);
			runOnlyForDeploymentPostprocessing = 0;
		};
/* End PBXFrameworksBuildPhase section */

/* Begin PBXGroup section */
		805BD190287B44CA00209326 = {
			isa = PBXGroup;
			children = (
				805BD19B287B44CA00209326 /* FridgeApp */,
				805BD19A287B44CA00209326 /* Products */,
			);
			sourceTree = "<group>";
		};
		805BD19A287B44CA00209326 /* Products */ = {
			isa = PBXGroup;
			children = (
				805BD199287B44CA00209326 /* FridgeApp.app */,
			);
			name = Products;
			sourceTree = "<group>";
		};
		805BD19B287B44CA00209326 /* FridgeApp */ = {
			isa = PBXGroup;
			children = (
				805BD19C287B44CA00209326 /* AppDelegate.swift */,
				805BD19E287B44CA00209326 /* SceneDelegate.swift */,
				805BD1BA287B45B800209326 /* Model */,
				805BD1C3287B468800209326 /* Services */,
				805BD1B2287B455400209326 /* Controllers */,
				98973274288477FC00650C2E /* UItilities */,
				805BD1A2287B44CA00209326 /* Main.storyboard */,
				805BD1D3287DF10F00209326 /* ProductList.storyboard */,
				805BD1A7287B44CB00209326 /* LaunchScreen.storyboard */,
				805BD1A5287B44CB00209326 /* Assets.xcassets */,
				805BD1AA287B44CB00209326 /* Info.plist */,
			);
			path = FridgeApp;
			sourceTree = "<group>";
		};
		805BD1B2287B455400209326 /* Controllers */ = {
			isa = PBXGroup;
			children = (
				805BD1A0287B44CA00209326 /* RootTabBarController.swift */,
				805BD1B4287B458800209326 /* ProductListViewController.swift */,
				805BD1D92880980500209326 /* BarcodeScannerViewController.swift */,
				801753F52880A9E300414078 /* AddProductViewController.swift */,
				80B25E8C288B1893003C01D3 /* FetchProductViewController.swift */,
			);
			path = Controllers;
			sourceTree = "<group>";
		};
		805BD1BA287B45B800209326 /* Model */ = {
			isa = PBXGroup;
			children = (
				80B25E9D288B1E7C003C01D3 /* ProductList.swift */,
				805BD1B7287B45AA00209326 /* Product.swift */,
				9897326E28845BE300650C2E /* GroceryItem.swift */,
				98DB296C2884BE0400E629F6 /* ShoppingItem.swift */,
				98CC2F97288AF1F800371E26 /* NotificationItem.swift */,
			);
			path = Model;
			sourceTree = "<group>";
		};
		805BD1C3287B468800209326 /* Services */ = {
			isa = PBXGroup;
			children = (
				9897327928847F8400650C2E /* DatabaseService.swift */,
				9897327128845E1800650C2E /* ApiService.swift */,
			);
			path = Services;
			sourceTree = "<group>";
		};
		98973274288477FC00650C2E /* UItilities */ = {
			isa = PBXGroup;
			children = (
				9897326A2884528100650C2E /* Constants.swift */,
				98DB29682884B60800E629F6 /* Converter.swift */,
			);
			path = UItilities;
			sourceTree = "<group>";
		};
/* End PBXGroup section */

/* Begin PBXNativeTarget section */
		805BD198287B44CA00209326 /* FridgeApp */ = {
			isa = PBXNativeTarget;
			buildConfigurationList = 805BD1AD287B44CB00209326 /* Build configuration list for PBXNativeTarget "FridgeApp" */;
			buildPhases = (
				805BD195287B44CA00209326 /* Sources */,
				805BD196287B44CA00209326 /* Frameworks */,
				805BD197287B44CA00209326 /* Resources */,
			);
			buildRules = (
			);
			dependencies = (
			);
			name = FridgeApp;
			packageProductDependencies = (
				98DB29652884994D00E629F6 /* SQLite */,
			);
			productName = FridgeApp;
			productReference = 805BD199287B44CA00209326 /* FridgeApp.app */;
			productType = "com.apple.product-type.application";
		};
/* End PBXNativeTarget section */

/* Begin PBXProject section */
		805BD191287B44CA00209326 /* Project object */ = {
			isa = PBXProject;
			attributes = {
				LastSwiftUpdateCheck = 1230;
				LastUpgradeCheck = 1230;
				TargetAttributes = {
					805BD198287B44CA00209326 = {
						CreatedOnToolsVersion = 12.3;
					};
				};
			};
			buildConfigurationList = 805BD194287B44CA00209326 /* Build configuration list for PBXProject "FridgeApp" */;
			compatibilityVersion = "Xcode 9.3";
			developmentRegion = en;
			hasScannedForEncodings = 0;
			knownRegions = (
				en,
				Base,
			);
			mainGroup = 805BD190287B44CA00209326;
			packageReferences = (
				98DB29642884994C00E629F6 /* XCRemoteSwiftPackageReference "SQLite" */,
			);
			productRefGroup = 805BD19A287B44CA00209326 /* Products */;
			projectDirPath = "";
			projectRoot = "";
			targets = (
				805BD198287B44CA00209326 /* FridgeApp */,
			);
		};
/* End PBXProject section */

/* Begin PBXResourcesBuildPhase section */
		805BD197287B44CA00209326 /* Resources */ = {
			isa = PBXResourcesBuildPhase;
			buildActionMask = 2147483647;
			files = (
				805BD1A9287B44CB00209326 /* LaunchScreen.storyboard in Resources */,
				805BD1A6287B44CB00209326 /* Assets.xcassets in Resources */,
				805BD1D5287DF10F00209326 /* ProductList.storyboard in Resources */,
				805BD1A4287B44CA00209326 /* Main.storyboard in Resources */,
			);
			runOnlyForDeploymentPostprocessing = 0;
		};
/* End PBXResourcesBuildPhase section */

/* Begin PBXSourcesBuildPhase section */
		805BD195287B44CA00209326 /* Sources */ = {
			isa = PBXSourcesBuildPhase;
			buildActionMask = 2147483647;
			files = (
				805BD1A1287B44CA00209326 /* RootTabBarController.swift in Sources */,
				9897326B2884528100650C2E /* Constants.swift in Sources */,
				80B25E8D288B1893003C01D3 /* FetchProductViewController.swift in Sources */,
				805BD19D287B44CA00209326 /* AppDelegate.swift in Sources */,
				98DB296D2884BE0400E629F6 /* ShoppingItem.swift in Sources */,
				805BD1B8287B45AA00209326 /* Product.swift in Sources */,
				98CC2F98288AF1F800371E26 /* NotificationItem.swift in Sources */,
				805BD1B5287B458800209326 /* ProductListViewController.swift in Sources */,
				9897327228845E1800650C2E /* ApiService.swift in Sources */,
				80B25E9E288B1E7C003C01D3 /* ProductList.swift in Sources */,
				805BD1DA2880980500209326 /* BarcodeScannerViewController.swift in Sources */,
				9897327A28847F8400650C2E /* DatabaseService.swift in Sources */,
				98DB29692884B60800E629F6 /* Converter.swift in Sources */,
				805BD19F287B44CA00209326 /* SceneDelegate.swift in Sources */,
				9897326F28845BE300650C2E /* GroceryItem.swift in Sources */,
				801753F62880A9E300414078 /* AddProductViewController.swift in Sources */,
			);
			runOnlyForDeploymentPostprocessing = 0;
		};
/* End PBXSourcesBuildPhase section */

/* Begin PBXVariantGroup section */
		805BD1A2287B44CA00209326 /* Main.storyboard */ = {
			isa = PBXVariantGroup;
			children = (
				805BD1A3287B44CA00209326 /* Base */,
			);
			name = Main.storyboard;
			sourceTree = "<group>";
		};
		805BD1A7287B44CB00209326 /* LaunchScreen.storyboard */ = {
			isa = PBXVariantGroup;
			children = (
				805BD1A8287B44CB00209326 /* Base */,
			);
			name = LaunchScreen.storyboard;
			sourceTree = "<group>";
		};
		805BD1D3287DF10F00209326 /* ProductList.storyboard */ = {
			isa = PBXVariantGroup;
			children = (
				805BD1D4287DF10F00209326 /* Base */,
			);
			name = ProductList.storyboard;
			sourceTree = "<group>";
		};
/* End PBXVariantGroup section */

/* Begin XCBuildConfiguration section */
		805BD1AB287B44CB00209326 /* Debug */ = {
			isa = XCBuildConfiguration;
			buildSettings = {
				ALWAYS_SEARCH_USER_PATHS = NO;
				CLANG_ANALYZER_NONNULL = YES;
				CLANG_ANALYZER_NUMBER_OBJECT_CONVERSION = YES_AGGRESSIVE;
				CLANG_CXX_LANGUAGE_STANDARD = "gnu++14";
				CLANG_CXX_LIBRARY = "libc++";
				CLANG_ENABLE_MODULES = YES;
				CLANG_ENABLE_OBJC_ARC = YES;
				CLANG_ENABLE_OBJC_WEAK = YES;
				CLANG_WARN_BLOCK_CAPTURE_AUTORELEASING = YES;
				CLANG_WARN_BOOL_CONVERSION = YES;
				CLANG_WARN_COMMA = YES;
				CLANG_WARN_CONSTANT_CONVERSION = YES;
				CLANG_WARN_DEPRECATED_OBJC_IMPLEMENTATIONS = YES;
				CLANG_WARN_DIRECT_OBJC_ISA_USAGE = YES_ERROR;
				CLANG_WARN_DOCUMENTATION_COMMENTS = YES;
				CLANG_WARN_EMPTY_BODY = YES;
				CLANG_WARN_ENUM_CONVERSION = YES;
				CLANG_WARN_INFINITE_RECURSION = YES;
				CLANG_WARN_INT_CONVERSION = YES;
				CLANG_WARN_NON_LITERAL_NULL_CONVERSION = YES;
				CLANG_WARN_OBJC_IMPLICIT_RETAIN_SELF = YES;
				CLANG_WARN_OBJC_LITERAL_CONVERSION = YES;
				CLANG_WARN_OBJC_ROOT_CLASS = YES_ERROR;
				CLANG_WARN_QUOTED_INCLUDE_IN_FRAMEWORK_HEADER = YES;
				CLANG_WARN_RANGE_LOOP_ANALYSIS = YES;
				CLANG_WARN_STRICT_PROTOTYPES = YES;
				CLANG_WARN_SUSPICIOUS_MOVE = YES;
				CLANG_WARN_UNGUARDED_AVAILABILITY = YES_AGGRESSIVE;
				CLANG_WARN_UNREACHABLE_CODE = YES;
				CLANG_WARN__DUPLICATE_METHOD_MATCH = YES;
				COPY_PHASE_STRIP = NO;
				DEBUG_INFORMATION_FORMAT = dwarf;
				ENABLE_STRICT_OBJC_MSGSEND = YES;
				ENABLE_TESTABILITY = YES;
				GCC_C_LANGUAGE_STANDARD = gnu11;
				GCC_DYNAMIC_NO_PIC = NO;
				GCC_NO_COMMON_BLOCKS = YES;
				GCC_OPTIMIZATION_LEVEL = 0;
				GCC_PREPROCESSOR_DEFINITIONS = (
					"DEBUG=1",
					"$(inherited)",
				);
				GCC_WARN_64_TO_32_BIT_CONVERSION = YES;
				GCC_WARN_ABOUT_RETURN_TYPE = YES_ERROR;
				GCC_WARN_UNDECLARED_SELECTOR = YES;
				GCC_WARN_UNINITIALIZED_AUTOS = YES_AGGRESSIVE;
				GCC_WARN_UNUSED_FUNCTION = YES;
				GCC_WARN_UNUSED_VARIABLE = YES;
				IPHONEOS_DEPLOYMENT_TARGET = 14.3;
				MTL_ENABLE_DEBUG_INFO = INCLUDE_SOURCE;
				MTL_FAST_MATH = YES;
				ONLY_ACTIVE_ARCH = YES;
				SDKROOT = iphoneos;
				SWIFT_ACTIVE_COMPILATION_CONDITIONS = DEBUG;
				SWIFT_OPTIMIZATION_LEVEL = "-Onone";
			};
			name = Debug;
		};
		805BD1AC287B44CB00209326 /* Release */ = {
			isa = XCBuildConfiguration;
			buildSettings = {
				ALWAYS_SEARCH_USER_PATHS = NO;
				CLANG_ANALYZER_NONNULL = YES;
				CLANG_ANALYZER_NUMBER_OBJECT_CONVERSION = YES_AGGRESSIVE;
				CLANG_CXX_LANGUAGE_STANDARD = "gnu++14";
				CLANG_CXX_LIBRARY = "libc++";
				CLANG_ENABLE_MODULES = YES;
				CLANG_ENABLE_OBJC_ARC = YES;
				CLANG_ENABLE_OBJC_WEAK = YES;
				CLANG_WARN_BLOCK_CAPTURE_AUTORELEASING = YES;
				CLANG_WARN_BOOL_CONVERSION = YES;
				CLANG_WARN_COMMA = YES;
				CLANG_WARN_CONSTANT_CONVERSION = YES;
				CLANG_WARN_DEPRECATED_OBJC_IMPLEMENTATIONS = YES;
				CLANG_WARN_DIRECT_OBJC_ISA_USAGE = YES_ERROR;
				CLANG_WARN_DOCUMENTATION_COMMENTS = YES;
				CLANG_WARN_EMPTY_BODY = YES;
				CLANG_WARN_ENUM_CONVERSION = YES;
				CLANG_WARN_INFINITE_RECURSION = YES;
				CLANG_WARN_INT_CONVERSION = YES;
				CLANG_WARN_NON_LITERAL_NULL_CONVERSION = YES;
				CLANG_WARN_OBJC_IMPLICIT_RETAIN_SELF = YES;
				CLANG_WARN_OBJC_LITERAL_CONVERSION = YES;
				CLANG_WARN_OBJC_ROOT_CLASS = YES_ERROR;
				CLANG_WARN_QUOTED_INCLUDE_IN_FRAMEWORK_HEADER = YES;
				CLANG_WARN_RANGE_LOOP_ANALYSIS = YES;
				CLANG_WARN_STRICT_PROTOTYPES = YES;
				CLANG_WARN_SUSPICIOUS_MOVE = YES;
				CLANG_WARN_UNGUARDED_AVAILABILITY = YES_AGGRESSIVE;
				CLANG_WARN_UNREACHABLE_CODE = YES;
				CLANG_WARN__DUPLICATE_METHOD_MATCH = YES;
				COPY_PHASE_STRIP = NO;
				DEBUG_INFORMATION_FORMAT = "dwarf-with-dsym";
				ENABLE_NS_ASSERTIONS = NO;
				ENABLE_STRICT_OBJC_MSGSEND = YES;
				GCC_C_LANGUAGE_STANDARD = gnu11;
				GCC_NO_COMMON_BLOCKS = YES;
				GCC_WARN_64_TO_32_BIT_CONVERSION = YES;
				GCC_WARN_ABOUT_RETURN_TYPE = YES_ERROR;
				GCC_WARN_UNDECLARED_SELECTOR = YES;
				GCC_WARN_UNINITIALIZED_AUTOS = YES_AGGRESSIVE;
				GCC_WARN_UNUSED_FUNCTION = YES;
				GCC_WARN_UNUSED_VARIABLE = YES;
				IPHONEOS_DEPLOYMENT_TARGET = 14.3;
				MTL_ENABLE_DEBUG_INFO = NO;
				MTL_FAST_MATH = YES;
				SDKROOT = iphoneos;
				SWIFT_COMPILATION_MODE = wholemodule;
				SWIFT_OPTIMIZATION_LEVEL = "-O";
				VALIDATE_PRODUCT = YES;
			};
			name = Release;
		};
		805BD1AE287B44CB00209326 /* Debug */ = {
			isa = XCBuildConfiguration;
			buildSettings = {
				ASSETCATALOG_COMPILER_APPICON_NAME = AppIcon;
				ASSETCATALOG_COMPILER_GLOBAL_ACCENT_COLOR_NAME = AccentColor;
				CODE_SIGN_STYLE = Automatic;
				DEVELOPMENT_TEAM = 2D2H72KMHC;
				INFOPLIST_FILE = FridgeApp/Info.plist;
				IPHONEOS_DEPLOYMENT_TARGET = 14.3;
				LD_RUNPATH_SEARCH_PATHS = (
					"$(inherited)",
					"@executable_path/Frameworks",
				);
				OTHER_CODE_SIGN_FLAGS = "--generate-entitlement-der";
				PRODUCT_BUNDLE_IDENTIFIER = com.conestoga.FridgeApp;
				PRODUCT_NAME = "$(TARGET_NAME)";
				SWIFT_VERSION = 5.0;
				TARGETED_DEVICE_FAMILY = 1;
			};
			name = Debug;
		};
		805BD1AF287B44CB00209326 /* Release */ = {
			isa = XCBuildConfiguration;
			buildSettings = {
				ASSETCATALOG_COMPILER_APPICON_NAME = AppIcon;
				ASSETCATALOG_COMPILER_GLOBAL_ACCENT_COLOR_NAME = AccentColor;
				CODE_SIGN_STYLE = Automatic;
				DEVELOPMENT_TEAM = 2D2H72KMHC;
				INFOPLIST_FILE = FridgeApp/Info.plist;
				IPHONEOS_DEPLOYMENT_TARGET = 14.3;
				LD_RUNPATH_SEARCH_PATHS = (
					"$(inherited)",
					"@executable_path/Frameworks",
				);
				OTHER_CODE_SIGN_FLAGS = "--generate-entitlement-der";
				PRODUCT_BUNDLE_IDENTIFIER = com.conestoga.FridgeApp;
				PRODUCT_NAME = "$(TARGET_NAME)";
				SWIFT_VERSION = 5.0;
				TARGETED_DEVICE_FAMILY = 1;
			};
			name = Release;
		};
/* End XCBuildConfiguration section */

/* Begin XCConfigurationList section */
		805BD194287B44CA00209326 /* Build configuration list for PBXProject "FridgeApp" */ = {
			isa = XCConfigurationList;
			buildConfigurations = (
				805BD1AB287B44CB00209326 /* Debug */,
				805BD1AC287B44CB00209326 /* Release */,
			);
			defaultConfigurationIsVisible = 0;
			defaultConfigurationName = Release;
		};
		805BD1AD287B44CB00209326 /* Build configuration list for PBXNativeTarget "FridgeApp" */ = {
			isa = XCConfigurationList;
			buildConfigurations = (
				805BD1AE287B44CB00209326 /* Debug */,
				805BD1AF287B44CB00209326 /* Release */,
			);
			defaultConfigurationIsVisible = 0;
			defaultConfigurationName = Release;
		};
/* End XCConfigurationList section */

/* Begin XCRemoteSwiftPackageReference section */
		98DB29642884994C00E629F6 /* XCRemoteSwiftPackageReference "SQLite" */ = {
			isa = XCRemoteSwiftPackageReference;
			repositoryURL = "https://github.com/stephencelis/SQLite.swift";
			requirement = {
				kind = upToNextMajorVersion;
				minimumVersion = 0.13.3;
			};
		};
/* End XCRemoteSwiftPackageReference section */

/* Begin XCSwiftPackageProductDependency section */
		98DB29652884994D00E629F6 /* SQLite */ = {
			isa = XCSwiftPackageProductDependency;
			package = 98DB29642884994C00E629F6 /* XCRemoteSwiftPackageReference "SQLite" */;
			productName = SQLite;
		};
/* End XCSwiftPackageProductDependency section */
	};
	rootObject = 805BD191287B44CA00209326 /* Project object */;
}
